
Microsoft Visual Studio Solution File, Format Version 12.00
# Visual Studio Version 17
VisualStudioVersion = 17.2.32516.85
MinimumVisualStudioVersion = 10.0.40219.1
Project("{9A19103F-16F7-4668-BE54-9A1E7A4F7556}") = "DataVerse MVC", "DataVerse MVC.csproj", "{82BA6C2B-0BAD-4261-A73A-0EC361DE0191}"
EndProject
Project("{FAE04EC0-301F-11D3-BF4B-00C04F79EFBC}") = "DataVerseLibrary", "..\DataVerseLibrary\DataVerseLibrary.csproj", "{066F68D5-6641-4A79-BACD-EC4D72A5F318}"
EndProject
Global
	GlobalSection(SolutionConfigurationPlatforms) = preSolution
		Debug|Any CPU = Debug|Any CPU
		Release|Any CPU = Release|Any CPU
	EndGlobalSection
	GlobalSection(ProjectConfigurationPlatforms) = postSolution
		{82BA6C2B-0BAD-4261-A73A-0EC361DE0191}.Debug|Any CPU.ActiveCfg = Debug|Any CPU
		{82BA6C2B-0BAD-4261-A73A-0EC361DE0191}.Debug|Any CPU.Build.0 = Debug|Any CPU
		{82BA6C2B-0BAD-4261-A73A-0EC361DE0191}.Release|Any CPU.ActiveCfg = Release|Any CPU
		{82BA6C2B-0BAD-4261-A73A-0EC361DE0191}.Release|Any CPU.Build.0 = Release|Any CPU
		{066F68D5-6641-4A79-BACD-EC4D72A5F318}.Debug|Any CPU.ActiveCfg = Debug|Any CPU
		{066F68D5-6641-4A79-BACD-EC4D72A5F318}.Debug|Any CPU.Build.0 = Debug|Any CPU
		{066F68D5-6641-4A79-BACD-EC4D72A5F318}.Release|Any CPU.ActiveCfg = Release|Any CPU
		{066F68D5-6641-4A79-BACD-EC4D72A5F318}.Release|Any CPU.Build.0 = Release|Any CPU
	EndGlobalSection
	GlobalSection(SolutionProperties) = preSolution
		HideSolutionNode = FALSE
	EndGlobalSection
	GlobalSection(ExtensibilityGlobals) = postSolution
		SolutionGuid = {6E597070-5D66-4122-A889-DAA5CF3C33EF}
	EndGlobalSection
EndGlobal
